
Microsoft Visual Studio Solution File, Format Version 12.00
# Visual Studio Version 16
VisualStudioVersion = 16.0.31005.135
MinimumVisualStudioVersion = 10.0.40219.1
Project("{FAE04EC0-301F-11D3-BF4B-00C04F79EFBC}") = "WinAppVotosPresi", "WinAppVotosPresi.csproj", "{C81EB978-A25F-4E25-970C-FCA7F4AE2C3E}"
EndProject
Global
	GlobalSection(SolutionConfigurationPlatforms) = preSolution
		Debug|Any CPU = Debug|Any CPU
		Release|Any CPU = Release|Any CPU
	EndGlobalSection
	GlobalSection(ProjectConfigurationPlatforms) = postSolution
		{C81EB978-A25F-4E25-970C-FCA7F4AE2C3E}.Debug|Any CPU.ActiveCfg = Debug|Any CPU
		{C81EB978-A25F-4E25-970C-FCA7F4AE2C3E}.Debug|Any CPU.Build.0 = Debug|Any CPU
		{C81EB978-A25F-4E25-970C-FCA7F4AE2C3E}.Release|Any CPU.ActiveCfg = Release|Any CPU
		{C81EB978-A25F-4E25-970C-FCA7F4AE2C3E}.Release|Any CPU.Build.0 = Release|Any CPU
	EndGlobalSection
	GlobalSection(SolutionProperties) = preSolution
		HideSolutionNode = FALSE
	EndGlobalSection
	GlobalSection(ExtensibilityGlobals) = postSolution
		SolutionGuid = {4F56E5AF-E4F3-498E-A2EA-7082FBB17BBF}
	EndGlobalSection
EndGlobal
